
Microsoft Visual Studio Solution File, Format Version 12.00
# Visual Studio Version 17
VisualStudioVersion = 17.3.32819.101
MinimumVisualStudioVersion = 10.0.40219.1
Project("{FAE04EC0-301F-11D3-BF4B-00C04F79EFBC}") = "召唤弹幕", "召唤弹幕\召唤弹幕.csproj", "{3085E030-CAE8-4F65-9612-17F73F5B42A9}"
EndProject
Global
	GlobalSection(SolutionConfigurationPlatforms) = preSolution
		Debug|Any CPU = Debug|Any CPU
		Release|Any CPU = Release|Any CPU
	EndGlobalSection
	GlobalSection(ProjectConfigurationPlatforms) = postSolution
		{3085E030-CAE8-4F65-9612-17F73F5B42A9}.Debug|Any CPU.ActiveCfg = Debug|Any CPU
		{3085E030-CAE8-4F65-9612-17F73F5B42A9}.Debug|Any CPU.Build.0 = Debug|Any CPU
		{3085E030-CAE8-4F65-9612-17F73F5B42A9}.Release|Any CPU.ActiveCfg = Release|Any CPU
		{3085E030-CAE8-4F65-9612-17F73F5B42A9}.Release|Any CPU.Build.0 = Release|Any CPU
	EndGlobalSection
	GlobalSection(SolutionProperties) = preSolution
		HideSolutionNode = FALSE
	EndGlobalSection
	GlobalSection(ExtensibilityGlobals) = postSolution
		SolutionGuid = {301FE5D5-8B00-473A-90C4-4D42CB3D7FFA}
	EndGlobalSection
EndGlobal
